// !$*UTF8*$!
{
	archiveVersion = 1;
	classes = {
	};
	objectVersion = 60;
	objects = {

/* Begin PBXBuildFile section */
		74ADF7182E7017E2005EF65E /* Assets.xcassets in Resources */ = {isa = PBXBuildFile; fileRef = 74ADF70F2E7017E2005EF65E /* Assets.xcassets */; };
		74ADF71A2E7017E2005EF65E /* LaunchScreen.storyboard in Resources */ = {isa = PBXBuildFile; fileRef = 74ADF7122E7017E2005EF65E /* LaunchScreen.storyboard */; };
		74ADF71B2E7017E2005EF65E /* Main.storyboard in Resources */ = {isa = PBXBuildFile; fileRef = 74ADF7142E7017E2005EF65E /* Main.storyboard */; };
		74ADF71C2E7017E2005EF65E /* AppDelegate.swift in Sources */ = {isa = PBXBuildFile; fileRef = 74ADF70E2E7017E2005EF65E /* AppDelegate.swift */; };
		74ADF71D2E7017E2005EF65E /* SceneDelegate.swift in Sources */ = {isa = PBXBuildFile; fileRef = 74ADF7152E7017E2005EF65E /* SceneDelegate.swift */; };
		74ADF7232E701A6E005EF65E /* RecipeCell.swift in Sources */ = {isa = PBXBuildFile; fileRef = 74ADF7222E701A6E005EF65E /* RecipeCell.swift */; };
		74ADF7252E701A76005EF65E /* RecipeDetailView.swift in Sources */ = {isa = PBXBuildFile; fileRef = 74ADF7242E701A76005EF65E /* RecipeDetailView.swift */; };
		74ADF7272E701A7A005EF65E /* RecipeListView.swift in Sources */ = {isa = PBXBuildFile; fileRef = 74ADF7262E701A7A005EF65E /* RecipeListView.swift */; };
		74ADF72C2E701A92005EF65E /* Recipe.swift in Sources */ = {isa = PBXBuildFile; fileRef = 74ADF72A2E701A92005EF65E /* Recipe.swift */; };
		74ADF7302E701A97005EF65E /* DataServiceProtocol.swift in Sources */ = {isa = PBXBuildFile; fileRef = 74ADF72D2E701A97005EF65E /* DataServiceProtocol.swift */; };
		74ADF7312E701A97005EF65E /* MockDataService.swift in Sources */ = {isa = PBXBuildFile; fileRef = 74ADF72E2E701A97005EF65E /* MockDataService.swift */; };
		74ADF7352E701A9C005EF65E /* RecipeListViewModel.swift in Sources */ = {isa = PBXBuildFile; fileRef = 74ADF7332E701A9C005EF65E /* RecipeListViewModel.swift */; };
		74ADF7362E701A9C005EF65E /* RecipeDetailViewModel.swift in Sources */ = {isa = PBXBuildFile; fileRef = 74ADF7322E701A9C005EF65E /* RecipeDetailViewModel.swift */; };
		74ADF73D2E7022EC005EF65E /* FavoritesManager.swift in Sources */ = {isa = PBXBuildFile; fileRef = 74ADF7392E7022EC005EF65E /* FavoritesManager.swift */; };
		74ADF73E2E7022EC005EF65E /* TimerManager.swift in Sources */ = {isa = PBXBuildFile; fileRef = 74ADF73A2E7022EC005EF65E /* TimerManager.swift */; };
		74ADF73F2E7022EC005EF65E /* UserRecipeManager.swift in Sources */ = {isa = PBXBuildFile; fileRef = 74ADF73B2E7022EC005EF65E /* UserRecipeManager.swift */; };
		74ADF7412E7022F9005EF65E /* FavoritesViewModel.swift in Sources */ = {isa = PBXBuildFile; fileRef = 74ADF7402E7022F9005EF65E /* FavoritesViewModel.swift */; };
		74ADF7432E702300005EF65E /* UserRecipe.swift in Sources */ = {isa = PBXBuildFile; fileRef = 74ADF7422E702300005EF65E /* UserRecipe.swift */; };
		74ADF7452E70230C005EF65E /* AddRecipeView.swift in Sources */ = {isa = PBXBuildFile; fileRef = 74ADF7442E70230C005EF65E /* AddRecipeView.swift */; };
		74ADF7472E7023C3005EF65E /* ContentView.swift in Sources */ = {isa = PBXBuildFile; fileRef = 74ADF7462E7023C3005EF65E /* ContentView.swift */; };
		74ADF7492E702AE6005EF65E /* RecipeImageView.swift in Sources */ = {isa = PBXBuildFile; fileRef = 74ADF7482E702AE6005EF65E /* RecipeImageView.swift */; };
		74ADF74B2E702D5E005EF65E /* SettingsView.swift in Sources */ = {isa = PBXBuildFile; fileRef = 74ADF74A2E702D5E005EF65E /* SettingsView.swift */; };
		74ADF7502E7035DC005EF65E /* OnboardingView.swift in Sources */ = {isa = PBXBuildFile; fileRef = 74ADF74E2E7035DC005EF65E /* OnboardingView.swift */; };
/* End PBXBuildFile section */

/* Begin PBXFileReference section */
		73AA71EE852745E373544711 /* Pods_ChickSheffRecipe.framework */ = {isa = PBXFileReference; explicitFileType = wrapper.framework; includeInIndex = 0; path = Pods_ChickSheffRecipe.framework; sourceTree = BUILT_PRODUCTS_DIR; };
		74ADF6F62E7017D1005EF65E /* ChickSheffRecipe.app */ = {isa = PBXFileReference; explicitFileType = wrapper.application; includeInIndex = 0; path = ChickSheffRecipe.app; sourceTree = BUILT_PRODUCTS_DIR; };
		74ADF70E2E7017E2005EF65E /* AppDelegate.swift */ = {isa = PBXFileReference; lastKnownFileType = sourcecode.swift; path = AppDelegate.swift; sourceTree = "<group>"; };
		74ADF70F2E7017E2005EF65E /* Assets.xcassets */ = {isa = PBXFileReference; lastKnownFileType = folder.assetcatalog; path = Assets.xcassets; sourceTree = "<group>"; };
		74ADF7102E7017E2005EF65E /* Info.plist */ = {isa = PBXFileReference; lastKnownFileType = text.plist.xml; path = Info.plist; sourceTree = "<group>"; };
		74ADF7112E7017E2005EF65E /* Base */ = {isa = PBXFileReference; lastKnownFileType = file.storyboard; name = Base; path = Base.lproj/LaunchScreen.storyboard; sourceTree = "<group>"; };
		74ADF7132E7017E2005EF65E /* Base */ = {isa = PBXFileReference; lastKnownFileType = file.storyboard; name = Base; path = Base.lproj/Main.storyboard; sourceTree = "<group>"; };
		74ADF7152E7017E2005EF65E /* SceneDelegate.swift */ = {isa = PBXFileReference; lastKnownFileType = sourcecode.swift; path = SceneDelegate.swift; sourceTree = "<group>"; };
		74ADF7222E701A6E005EF65E /* RecipeCell.swift */ = {isa = PBXFileReference; lastKnownFileType = sourcecode.swift; path = RecipeCell.swift; sourceTree = "<group>"; };
		74ADF7242E701A76005EF65E /* RecipeDetailView.swift */ = {isa = PBXFileReference; lastKnownFileType = sourcecode.swift; path = RecipeDetailView.swift; sourceTree = "<group>"; };
		74ADF7262E701A7A005EF65E /* RecipeListView.swift */ = {isa = PBXFileReference; lastKnownFileType = sourcecode.swift; path = RecipeListView.swift; sourceTree = "<group>"; };
		74ADF72A2E701A92005EF65E /* Recipe.swift */ = {isa = PBXFileReference; lastKnownFileType = sourcecode.swift; path = Recipe.swift; sourceTree = "<group>"; };
		74ADF72D2E701A97005EF65E /* DataServiceProtocol.swift */ = {isa = PBXFileReference; lastKnownFileType = sourcecode.swift; path = DataServiceProtocol.swift; sourceTree = "<group>"; };
		74ADF72E2E701A97005EF65E /* MockDataService.swift */ = {isa = PBXFileReference; lastKnownFileType = sourcecode.swift; path = MockDataService.swift; sourceTree = "<group>"; };
		74ADF7322E701A9C005EF65E /* RecipeDetailViewModel.swift */ = {isa = PBXFileReference; lastKnownFileType = sourcecode.swift; path = RecipeDetailViewModel.swift; sourceTree = "<group>"; };
		74ADF7332E701A9C005EF65E /* RecipeListViewModel.swift */ = {isa = PBXFileReference; lastKnownFileType = sourcecode.swift; path = RecipeListViewModel.swift; sourceTree = "<group>"; };
		74ADF7392E7022EC005EF65E /* FavoritesManager.swift */ = {isa = PBXFileReference; lastKnownFileType = sourcecode.swift; path = FavoritesManager.swift; sourceTree = "<group>"; };
		74ADF73A2E7022EC005EF65E /* TimerManager.swift */ = {isa = PBXFileReference; lastKnownFileType = sourcecode.swift; path = TimerManager.swift; sourceTree = "<group>"; };
		74ADF73B2E7022EC005EF65E /* UserRecipeManager.swift */ = {isa = PBXFileReference; lastKnownFileType = sourcecode.swift; path = UserRecipeManager.swift; sourceTree = "<group>"; };
		74ADF7402E7022F9005EF65E /* FavoritesViewModel.swift */ = {isa = PBXFileReference; lastKnownFileType = sourcecode.swift; path = FavoritesViewModel.swift; sourceTree = "<group>"; };
		74ADF7422E702300005EF65E /* UserRecipe.swift */ = {isa = PBXFileReference; lastKnownFileType = sourcecode.swift; path = UserRecipe.swift; sourceTree = "<group>"; };
		74ADF7442E70230C005EF65E /* AddRecipeView.swift */ = {isa = PBXFileReference; lastKnownFileType = sourcecode.swift; path = AddRecipeView.swift; sourceTree = "<group>"; };
		74ADF7462E7023C3005EF65E /* ContentView.swift */ = {isa = PBXFileReference; lastKnownFileType = sourcecode.swift; path = ContentView.swift; sourceTree = "<group>"; };
		74ADF7482E702AE6005EF65E /* RecipeImageView.swift */ = {isa = PBXFileReference; lastKnownFileType = sourcecode.swift; path = RecipeImageView.swift; sourceTree = "<group>"; };
		74ADF74A2E702D5E005EF65E /* SettingsView.swift */ = {isa = PBXFileReference; lastKnownFileType = sourcecode.swift; path = SettingsView.swift; sourceTree = "<group>"; };
		74ADF74E2E7035DC005EF65E /* OnboardingView.swift */ = {isa = PBXFileReference; lastKnownFileType = sourcecode.swift; path = OnboardingView.swift; sourceTree = "<group>"; };
		C5AAE39C6CEA6AC3D78892D6 /* Pods-ChickSheffRecipe.release.xcconfig */ = {isa = PBXFileReference; includeInIndex = 1; lastKnownFileType = text.xcconfig; name = "Pods-ChickSheffRecipe.release.xcconfig"; path = "Target Support Files/Pods-ChickSheffRecipe/Pods-ChickSheffRecipe.release.xcconfig"; sourceTree = "<group>"; };
		D2C3BEC1F71FE5F2D35F5812 /* Pods-ChickSheffRecipe.debug.xcconfig */ = {isa = PBXFileReference; includeInIndex = 1; lastKnownFileType = text.xcconfig; name = "Pods-ChickSheffRecipe.debug.xcconfig"; path = "Target Support Files/Pods-ChickSheffRecipe/Pods-ChickSheffRecipe.debug.xcconfig"; sourceTree = "<group>"; };
/* End PBXFileReference section */

/* Begin PBXFrameworksBuildPhase section */
		74ADF6F32E7017D1005EF65E /* Frameworks */ = {
			isa = PBXFrameworksBuildPhase;
			buildActionMask = 2147483647;
			files = (
			);
			runOnlyForDeploymentPostprocessing = 0;
		};
/* End PBXFrameworksBuildPhase section */

/* Begin PBXGroup section */
		365AF12F2C5A8C7A5FED9213 /* Frameworks */ = {
			isa = PBXGroup;
			children = (
				73AA71EE852745E373544711 /* Pods_ChickSheffRecipe.framework */,
			);
			name = Frameworks;
			sourceTree = "<group>";
		};
		6AF1A827FD68E5630A78FA44 /* Pods */ = {
			isa = PBXGroup;
			children = (
				D2C3BEC1F71FE5F2D35F5812 /* Pods-ChickSheffRecipe.debug.xcconfig */,
				C5AAE39C6CEA6AC3D78892D6 /* Pods-ChickSheffRecipe.release.xcconfig */,
			);
			path = Pods;
			sourceTree = "<group>";
		};
		74ADF6ED2E7017D1005EF65E = {
			isa = PBXGroup;
			children = (
				74ADF7172E7017E2005EF65E /* ChickSheffRecipe */,
				74ADF6F72E7017D1005EF65E /* Products */,
				6AF1A827FD68E5630A78FA44 /* Pods */,
				365AF12F2C5A8C7A5FED9213 /* Frameworks */,
			);
			sourceTree = "<group>";
		};
		74ADF6F72E7017D1005EF65E /* Products */ = {
			isa = PBXGroup;
			children = (
				74ADF6F62E7017D1005EF65E /* ChickSheffRecipe.app */,
			);
			name = Products;
			sourceTree = "<group>";
		};
		74ADF7172E7017E2005EF65E /* ChickSheffRecipe */ = {
			isa = PBXGroup;
			children = (
				74ADF71F2E70182E005EF65E /* Views */,
				74ADF70E2E7017E2005EF65E /* AppDelegate.swift */,
				74ADF70F2E7017E2005EF65E /* Assets.xcassets */,
				74ADF7102E7017E2005EF65E /* Info.plist */,
				74ADF7122E7017E2005EF65E /* LaunchScreen.storyboard */,
				74ADF7142E7017E2005EF65E /* Main.storyboard */,
				74ADF7152E7017E2005EF65E /* SceneDelegate.swift */,
				74ADF72B2E701A92005EF65E /* Models */,
				74ADF7342E701A9C005EF65E /* ViewModels */,
				74ADF72F2E701A97005EF65E /* Services 2 */,
				74ADF73C2E7022EC005EF65E /* Managers */,
				74ADF7462E7023C3005EF65E /* ContentView.swift */,
			);
			path = ChickSheffRecipe;
			sourceTree = "<group>";
		};
		74ADF71F2E70182E005EF65E /* Views */ = {
			isa = PBXGroup;
			children = (
				74ADF7222E701A6E005EF65E /* RecipeCell.swift */,
				74ADF7242E701A76005EF65E /* RecipeDetailView.swift */,
				74ADF7262E701A7A005EF65E /* RecipeListView.swift */,
				74ADF7442E70230C005EF65E /* AddRecipeView.swift */,
				74ADF7482E702AE6005EF65E /* RecipeImageView.swift */,
				74ADF74A2E702D5E005EF65E /* SettingsView.swift */,
				74ADF74F2E7035DC005EF65E /* Onboarding */,
			);
			path = Views;
			sourceTree = "<group>";
		};
		74ADF72B2E701A92005EF65E /* Models */ = {
			isa = PBXGroup;
			children = (
				74ADF72A2E701A92005EF65E /* Recipe.swift */,
				74ADF7422E702300005EF65E /* UserRecipe.swift */,
			);
			path = Models;
			sourceTree = "<group>";
		};
		74ADF72F2E701A97005EF65E /* Services 2 */ = {
			isa = PBXGroup;
			children = (
				74ADF72D2E701A97005EF65E /* DataServiceProtocol.swift */,
				74ADF72E2E701A97005EF65E /* MockDataService.swift */,
			);
			path = "Services 2";
			sourceTree = "<group>";
		};
		74ADF7342E701A9C005EF65E /* ViewModels */ = {
			isa = PBXGroup;
			children = (
				74ADF7322E701A9C005EF65E /* RecipeDetailViewModel.swift */,
				74ADF7332E701A9C005EF65E /* RecipeListViewModel.swift */,
				74ADF7402E7022F9005EF65E /* FavoritesViewModel.swift */,
			);
			path = ViewModels;
			sourceTree = "<group>";
		};
		74ADF73C2E7022EC005EF65E /* Managers */ = {
			isa = PBXGroup;
			children = (
				74ADF7392E7022EC005EF65E /* FavoritesManager.swift */,
				74ADF73A2E7022EC005EF65E /* TimerManager.swift */,
				74ADF73B2E7022EC005EF65E /* UserRecipeManager.swift */,
			);
			path = Managers;
			sourceTree = "<group>";
		};
		74ADF74F2E7035DC005EF65E /* Onboarding */ = {
			isa = PBXGroup;
			children = (
				74ADF74E2E7035DC005EF65E /* OnboardingView.swift */,
			);
			path = Onboarding;
			sourceTree = "<group>";
		};
/* End PBXGroup section */

/* Begin PBXNativeTarget section */
		74ADF6F52E7017D1005EF65E /* ChickSheffRecipe */ = {
			isa = PBXNativeTarget;
			buildConfigurationList = 74ADF7092E7017D2005EF65E /* Build configuration list for PBXNativeTarget "ChickSheffRecipe" */;
			buildPhases = (
				3E1EA74A831A6FB831E48DA9 /* [CP] Check Pods Manifest.lock */,
				74ADF6F22E7017D1005EF65E /* Sources */,
				74ADF6F32E7017D1005EF65E /* Frameworks */,
				74ADF6F42E7017D1005EF65E /* Resources */,
			);
			buildRules = (
			);
			dependencies = (
			);
			name = ChickSheffRecipe;
			productName = ChickSheffRecipe;
			productReference = 74ADF6F62E7017D1005EF65E /* ChickSheffRecipe.app */;
			productType = "com.apple.product-type.application";
		};
/* End PBXNativeTarget section */

/* Begin PBXProject section */
		74ADF6EE2E7017D1005EF65E /* Project object */ = {
			isa = PBXProject;
			attributes = {
				BuildIndependentTargetsInParallel = 1;
				LastSwiftUpdateCheck = 1640;
				LastUpgradeCheck = 1640;
				TargetAttributes = {
					74ADF6F52E7017D1005EF65E = {
						CreatedOnToolsVersion = 16.4;
					};
				};
			};
			buildConfigurationList = 74ADF6F12E7017D1005EF65E /* Build configuration list for PBXProject "ChickSheffRecipe" */;
			compatibilityVersion = "Xcode 15.0";
			developmentRegion = en;
			hasScannedForEncodings = 0;
			knownRegions = (
				en,
				Base,
			);
			mainGroup = 74ADF6ED2E7017D1005EF65E;
			productRefGroup = 74ADF6F72E7017D1005EF65E /* Products */;
			projectDirPath = "";
			projectRoot = "";
			targets = (
				74ADF6F52E7017D1005EF65E /* ChickSheffRecipe */,
			);
		};
/* End PBXProject section */

/* Begin PBXResourcesBuildPhase section */
		74ADF6F42E7017D1005EF65E /* Resources */ = {
			isa = PBXResourcesBuildPhase;
			buildActionMask = 2147483647;
			files = (
				74ADF7182E7017E2005EF65E /* Assets.xcassets in Resources */,
				74ADF71A2E7017E2005EF65E /* LaunchScreen.storyboard in Resources */,
				74ADF71B2E7017E2005EF65E /* Main.storyboard in Resources */,
			);
			runOnlyForDeploymentPostprocessing = 0;
		};
/* End PBXResourcesBuildPhase section */

/* Begin PBXShellScriptBuildPhase section */
		3E1EA74A831A6FB831E48DA9 /* [CP] Check Pods Manifest.lock */ = {
			isa = PBXShellScriptBuildPhase;
			buildActionMask = 2147483647;
			files = (
			);
			inputFileListPaths = (
			);
			inputPaths = (
				"${PODS_PODFILE_DIR_PATH}/Podfile.lock",
				"${PODS_ROOT}/Manifest.lock",
			);
			name = "[CP] Check Pods Manifest.lock";
			outputFileListPaths = (
			);
			outputPaths = (
				"$(DERIVED_FILE_DIR)/Pods-ChickSheffRecipe-checkManifestLockResult.txt",
			);
			runOnlyForDeploymentPostprocessing = 0;
			shellPath = /bin/sh;
			shellScript = "diff \"${PODS_PODFILE_DIR_PATH}/Podfile.lock\" \"${PODS_ROOT}/Manifest.lock\" > /dev/null\nif [ $? != 0 ] ; then\n    # print error to STDERR\n    echo \"error: The sandbox is not in sync with the Podfile.lock. Run 'pod install' or update your CocoaPods installation.\" >&2\n    exit 1\nfi\n# This output is used by Xcode 'outputs' to avoid re-running this script phase.\necho \"SUCCESS\" > \"${SCRIPT_OUTPUT_FILE_0}\"\n";
			showEnvVarsInLog = 0;
		};
/* End PBXShellScriptBuildPhase section */

/* Begin PBXSourcesBuildPhase section */
		74ADF6F22E7017D1005EF65E /* Sources */ = {
			isa = PBXSourcesBuildPhase;
			buildActionMask = 2147483647;
			files = (
				74ADF7412E7022F9005EF65E /* FavoritesViewModel.swift in Sources */,
				74ADF7272E701A7A005EF65E /* RecipeListView.swift in Sources */,
				74ADF7432E702300005EF65E /* UserRecipe.swift in Sources */,
				74ADF71C2E7017E2005EF65E /* AppDelegate.swift in Sources */,
				74ADF72C2E701A92005EF65E /* Recipe.swift in Sources */,
				74ADF73D2E7022EC005EF65E /* FavoritesManager.swift in Sources */,
				74ADF73E2E7022EC005EF65E /* TimerManager.swift in Sources */,
				74ADF7472E7023C3005EF65E /* ContentView.swift in Sources */,
				74ADF73F2E7022EC005EF65E /* UserRecipeManager.swift in Sources */,
				74ADF7252E701A76005EF65E /* RecipeDetailView.swift in Sources */,
				74ADF71D2E7017E2005EF65E /* SceneDelegate.swift in Sources */,
				74ADF7352E701A9C005EF65E /* RecipeListViewModel.swift in Sources */,
				74ADF7362E701A9C005EF65E /* RecipeDetailViewModel.swift in Sources */,
				74ADF7502E7035DC005EF65E /* OnboardingView.swift in Sources */,
				74ADF7452E70230C005EF65E /* AddRecipeView.swift in Sources */,
				74ADF7492E702AE6005EF65E /* RecipeImageView.swift in Sources */,
				74ADF7302E701A97005EF65E /* DataServiceProtocol.swift in Sources */,
				74ADF7312E701A97005EF65E /* MockDataService.swift in Sources */,
				74ADF7232E701A6E005EF65E /* RecipeCell.swift in Sources */,
				74ADF74B2E702D5E005EF65E /* SettingsView.swift in Sources */,
			);
			runOnlyForDeploymentPostprocessing = 0;
		};
/* End PBXSourcesBuildPhase section */

/* Begin PBXVariantGroup section */
		74ADF7122E7017E2005EF65E /* LaunchScreen.storyboard */ = {
			isa = PBXVariantGroup;
			children = (
				74ADF7112E7017E2005EF65E /* Base */,
			);
			name = LaunchScreen.storyboard;
			sourceTree = "<group>";
		};
		74ADF7142E7017E2005EF65E /* Main.storyboard */ = {
			isa = PBXVariantGroup;
			children = (
				74ADF7132E7017E2005EF65E /* Base */,
			);
			name = Main.storyboard;
			sourceTree = "<group>";
		};
/* End PBXVariantGroup section */

/* Begin XCBuildConfiguration section */
		74ADF70A2E7017D2005EF65E /* Debug */ = {
			isa = XCBuildConfiguration;
			baseConfigurationReference = D2C3BEC1F71FE5F2D35F5812 /* Pods-ChickSheffRecipe.debug.xcconfig */;
			buildSettings = {
				ASSETCATALOG_COMPILER_APPICON_NAME = AppIcon;
				ASSETCATALOG_COMPILER_GLOBAL_ACCENT_COLOR_NAME = AccentColor;
				CODE_SIGN_STYLE = Automatic;
				CURRENT_PROJECT_VERSION = 1;
				GENERATE_INFOPLIST_FILE = YES;
				INFOPLIST_FILE = ChickSheffRecipe/Info.plist;
				INFOPLIST_KEY_UIApplicationSupportsIndirectInputEvents = YES;
				INFOPLIST_KEY_UILaunchStoryboardName = LaunchScreen;
				INFOPLIST_KEY_UIMainStoryboardFile = Main;
				INFOPLIST_KEY_UISupportedInterfaceOrientations = UIInterfaceOrientationPortrait;
				INFOPLIST_KEY_UISupportedInterfaceOrientations_iPad = "UIInterfaceOrientationLandscapeLeft UIInterfaceOrientationLandscapeRight UIInterfaceOrientationPortrait UIInterfaceOrientationPortraitUpsideDown";
				IPHONEOS_DEPLOYMENT_TARGET = 16.6;
				LD_RUNPATH_SEARCH_PATHS = (
					"$(inherited)",
					"@executable_path/Frameworks",
				);
				MARKETING_VERSION = 1.0;
				PRODUCT_BUNDLE_IDENTIFIER = home.ChickSheffRecipe;
				PRODUCT_NAME = "$(TARGET_NAME)";
				SUPPORTED_PLATFORMS = "iphoneos iphonesimulator";
				SUPPORTS_MACCATALYST = NO;
				SUPPORTS_MAC_DESIGNED_FOR_IPHONE_IPAD = NO;
				SUPPORTS_XR_DESIGNED_FOR_IPHONE_IPAD = NO;
				SWIFT_EMIT_LOC_STRINGS = YES;
				SWIFT_VERSION = 5.0;
				TARGETED_DEVICE_FAMILY = 1;
			};
			name = Debug;
		};
		74ADF70B2E7017D2005EF65E /* Release */ = {
			isa = XCBuildConfiguration;
			baseConfigurationReference = C5AAE39C6CEA6AC3D78892D6 /* Pods-ChickSheffRecipe.release.xcconfig */;
			buildSettings = {
				ASSETCATALOG_COMPILER_APPICON_NAME = AppIcon;
				ASSETCATALOG_COMPILER_GLOBAL_ACCENT_COLOR_NAME = AccentColor;
				CODE_SIGN_STYLE = Automatic;
				CURRENT_PROJECT_VERSION = 1;
				GENERATE_INFOPLIST_FILE = YES;
				INFOPLIST_FILE = ChickSheffRecipe/Info.plist;
				INFOPLIST_KEY_UIApplicationSupportsIndirectInputEvents = YES;
				INFOPLIST_KEY_UILaunchStoryboardName = LaunchScreen;
				INFOPLIST_KEY_UIMainStoryboardFile = Main;
				INFOPLIST_KEY_UISupportedInterfaceOrientations = UIInterfaceOrientationPortrait;
				INFOPLIST_KEY_UISupportedInterfaceOrientations_iPad = "UIInterfaceOrientationLandscapeLeft UIInterfaceOrientationLandscapeRight UIInterfaceOrientationPortrait UIInterfaceOrientationPortraitUpsideDown";
				IPHONEOS_DEPLOYMENT_TARGET = 16.6;
				LD_RUNPATH_SEARCH_PATHS = (
					"$(inherited)",
					"@executable_path/Frameworks",
				);
				MARKETING_VERSION = 1.0;
				PRODUCT_BUNDLE_IDENTIFIER = home.ChickSheffRecipe;
				PRODUCT_NAME = "$(TARGET_NAME)";
				SUPPORTED_PLATFORMS = "iphoneos iphonesimulator";
				SUPPORTS_MACCATALYST = NO;
				SUPPORTS_MAC_DESIGNED_FOR_IPHONE_IPAD = NO;
				SUPPORTS_XR_DESIGNED_FOR_IPHONE_IPAD = NO;
				SWIFT_EMIT_LOC_STRINGS = YES;
				SWIFT_VERSION = 5.0;
				TARGETED_DEVICE_FAMILY = 1;
			};
			name = Release;
		};
		74ADF70C2E7017D2005EF65E /* Debug */ = {
			isa = XCBuildConfiguration;
			buildSettings = {
				ALWAYS_SEARCH_USER_PATHS = NO;
				ASSETCATALOG_COMPILER_GENERATE_SWIFT_ASSET_SYMBOL_EXTENSIONS = YES;
				CLANG_ANALYZER_NONNULL = YES;
				CLANG_ANALYZER_NUMBER_OBJECT_CONVERSION = YES_AGGRESSIVE;
				CLANG_CXX_LANGUAGE_STANDARD = "gnu++20";
				CLANG_ENABLE_MODULES = YES;
				CLANG_ENABLE_OBJC_ARC = YES;
				CLANG_ENABLE_OBJC_WEAK = YES;
				CLANG_WARN_BLOCK_CAPTURE_AUTORELEASING = YES;
				CLANG_WARN_BOOL_CONVERSION = YES;
				CLANG_WARN_COMMA = YES;
				CLANG_WARN_CONSTANT_CONVERSION = YES;
				CLANG_WARN_DEPRECATED_OBJC_IMPLEMENTATIONS = YES;
				CLANG_WARN_DIRECT_OBJC_ISA_USAGE = YES_ERROR;
				CLANG_WARN_DOCUMENTATION_COMMENTS = YES;
				CLANG_WARN_EMPTY_BODY = YES;
				CLANG_WARN_ENUM_CONVERSION = YES;
				CLANG_WARN_INFINITE_RECURSION = YES;
				CLANG_WARN_INT_CONVERSION = YES;
				CLANG_WARN_NON_LITERAL_NULL_CONVERSION = YES;
				CLANG_WARN_OBJC_IMPLICIT_RETAIN_SELF = YES;
				CLANG_WARN_OBJC_LITERAL_CONVERSION = YES;
				CLANG_WARN_OBJC_ROOT_CLASS = YES_ERROR;
				CLANG_WARN_QUOTED_INCLUDE_IN_FRAMEWORK_HEADER = YES;
				CLANG_WARN_RANGE_LOOP_ANALYSIS = YES;
				CLANG_WARN_STRICT_PROTOTYPES = YES;
				CLANG_WARN_SUSPICIOUS_MOVE = YES;
				CLANG_WARN_UNGUARDED_AVAILABILITY = YES_AGGRESSIVE;
				CLANG_WARN_UNREACHABLE_CODE = YES;
				CLANG_WARN__DUPLICATE_METHOD_MATCH = YES;
				COPY_PHASE_STRIP = NO;
				DEBUG_INFORMATION_FORMAT = dwarf;
				ENABLE_STRICT_OBJC_MSGSEND = YES;
				ENABLE_TESTABILITY = YES;
				ENABLE_USER_SCRIPT_SANDBOXING = YES;
				GCC_C_LANGUAGE_STANDARD = gnu17;
				GCC_DYNAMIC_NO_PIC = NO;
				GCC_NO_COMMON_BLOCKS = YES;
				GCC_OPTIMIZATION_LEVEL = 0;
				GCC_PREPROCESSOR_DEFINITIONS = (
					"DEBUG=1",
					"$(inherited)",
				);
				GCC_WARN_64_TO_32_BIT_CONVERSION = YES;
				GCC_WARN_ABOUT_RETURN_TYPE = YES_ERROR;
				GCC_WARN_UNDECLARED_SELECTOR = YES;
				GCC_WARN_UNINITIALIZED_AUTOS = YES_AGGRESSIVE;
				GCC_WARN_UNUSED_FUNCTION = YES;
				GCC_WARN_UNUSED_VARIABLE = YES;
				IPHONEOS_DEPLOYMENT_TARGET = 18.5;
				LOCALIZATION_PREFERS_STRING_CATALOGS = YES;
				MTL_ENABLE_DEBUG_INFO = INCLUDE_SOURCE;
				MTL_FAST_MATH = YES;
				ONLY_ACTIVE_ARCH = YES;
				SDKROOT = iphoneos;
				SWIFT_ACTIVE_COMPILATION_CONDITIONS = "DEBUG $(inherited)";
				SWIFT_OPTIMIZATION_LEVEL = "-Onone";
			};
			name = Debug;
		};
		74ADF70D2E7017D2005EF65E /* Release */ = {
			isa = XCBuildConfiguration;
			buildSettings = {
				ALWAYS_SEARCH_USER_PATHS = NO;
				ASSETCATALOG_COMPILER_GENERATE_SWIFT_ASSET_SYMBOL_EXTENSIONS = YES;
				CLANG_ANALYZER_NONNULL = YES;
				CLANG_ANALYZER_NUMBER_OBJECT_CONVERSION = YES_AGGRESSIVE;
				CLANG_CXX_LANGUAGE_STANDARD = "gnu++20";
				CLANG_ENABLE_MODULES = YES;
				CLANG_ENABLE_OBJC_ARC = YES;
				CLANG_ENABLE_OBJC_WEAK = YES;
				CLANG_WARN_BLOCK_CAPTURE_AUTORELEASING = YES;
				CLANG_WARN_BOOL_CONVERSION = YES;
				CLANG_WARN_COMMA = YES;
				CLANG_WARN_CONSTANT_CONVERSION = YES;
				CLANG_WARN_DEPRECATED_OBJC_IMPLEMENTATIONS = YES;
				CLANG_WARN_DIRECT_OBJC_ISA_USAGE = YES_ERROR;
				CLANG_WARN_DOCUMENTATION_COMMENTS = YES;
				CLANG_WARN_EMPTY_BODY = YES;
				CLANG_WARN_ENUM_CONVERSION = YES;
				CLANG_WARN_INFINITE_RECURSION = YES;
				CLANG_WARN_INT_CONVERSION = YES;
				CLANG_WARN_NON_LITERAL_NULL_CONVERSION = YES;
				CLANG_WARN_OBJC_IMPLICIT_RETAIN_SELF = YES;
				CLANG_WARN_OBJC_LITERAL_CONVERSION = YES;
				CLANG_WARN_OBJC_ROOT_CLASS = YES_ERROR;
				CLANG_WARN_QUOTED_INCLUDE_IN_FRAMEWORK_HEADER = YES;
				CLANG_WARN_RANGE_LOOP_ANALYSIS = YES;
				CLANG_WARN_STRICT_PROTOTYPES = YES;
				CLANG_WARN_SUSPICIOUS_MOVE = YES;
				CLANG_WARN_UNGUARDED_AVAILABILITY = YES_AGGRESSIVE;
				CLANG_WARN_UNREACHABLE_CODE = YES;
				CLANG_WARN__DUPLICATE_METHOD_MATCH = YES;
				COPY_PHASE_STRIP = NO;
				DEBUG_INFORMATION_FORMAT = "dwarf-with-dsym";
				ENABLE_NS_ASSERTIONS = NO;
				ENABLE_STRICT_OBJC_MSGSEND = YES;
				ENABLE_USER_SCRIPT_SANDBOXING = YES;
				GCC_C_LANGUAGE_STANDARD = gnu17;
				GCC_NO_COMMON_BLOCKS = YES;
				GCC_WARN_64_TO_32_BIT_CONVERSION = YES;
				GCC_WARN_ABOUT_RETURN_TYPE = YES_ERROR;
				GCC_WARN_UNDECLARED_SELECTOR = YES;
				GCC_WARN_UNINITIALIZED_AUTOS = YES_AGGRESSIVE;
				GCC_WARN_UNUSED_FUNCTION = YES;
				GCC_WARN_UNUSED_VARIABLE = YES;
				IPHONEOS_DEPLOYMENT_TARGET = 18.5;
				LOCALIZATION_PREFERS_STRING_CATALOGS = YES;
				MTL_ENABLE_DEBUG_INFO = NO;
				MTL_FAST_MATH = YES;
				SDKROOT = iphoneos;
				SWIFT_COMPILATION_MODE = wholemodule;
				VALIDATE_PRODUCT = YES;
			};
			name = Release;
		};
/* End XCBuildConfiguration section */

/* Begin XCConfigurationList section */
		74ADF6F12E7017D1005EF65E /* Build configuration list for PBXProject "ChickSheffRecipe" */ = {
			isa = XCConfigurationList;
			buildConfigurations = (
				74ADF70C2E7017D2005EF65E /* Debug */,
				74ADF70D2E7017D2005EF65E /* Release */,
			);
			defaultConfigurationIsVisible = 0;
			defaultConfigurationName = Release;
		};
		74ADF7092E7017D2005EF65E /* Build configuration list for PBXNativeTarget "ChickSheffRecipe" */ = {
			isa = XCConfigurationList;
			buildConfigurations = (
				74ADF70A2E7017D2005EF65E /* Debug */,
				74ADF70B2E7017D2005EF65E /* Release */,
			);
			defaultConfigurationIsVisible = 0;
			defaultConfigurationName = Release;
		};
/* End XCConfigurationList section */
	};
	rootObject = 74ADF6EE2E7017D1005EF65E /* Project object */;
}
